
Microsoft Visual Studio Solution File, Format Version 12.00
# Visual Studio Version 16
VisualStudioVersion = 16.0.31911.196
MinimumVisualStudioVersion = 10.0.40219.1
Project("{FAE04EC0-301F-11D3-BF4B-00C04F79EFBC}") = "Hie.API", "Hie\Hie.API.csproj", "{AB8001DA-1486-4E1A-A07A-2A577196FF82}"
EndProject
Project("{FAE04EC0-301F-11D3-BF4B-00C04F79EFBC}") = "Hie.DB", "Hie.Db\Hie.DB.csproj", "{5E5846DF-5D71-4B05-8D61-8224D12F9BC2}"
EndProject
Project("{FAE04EC0-301F-11D3-BF4B-00C04F79EFBC}") = "Hie.Domain", "Hie.Domain\Hie.Domain.csproj", "{661B1974-32B1-43EE-8F02-132D500D9FCF}"
EndProject
Project("{FAE04EC0-301F-11D3-BF4B-00C04F79EFBC}") = "Hie.Helpers", "Hie.Helpers\Hie.Helpers.csproj", "{3ED3D3C4-67EF-4567-BBE4-3DB31020F670}"
EndProject
Project("{FAE04EC0-301F-11D3-BF4B-00C04F79EFBC}") = "Hie.DB.Entites", "Hie.DB.Entites\Hie.DB.Entites.csproj", "{686D9FFD-6F74-47A9-8827-00E3C312044B}"
EndProject
Global
	GlobalSection(SolutionConfigurationPlatforms) = preSolution
		Debug|Any CPU = Debug|Any CPU
		Release|Any CPU = Release|Any CPU
	EndGlobalSection
	GlobalSection(ProjectConfigurationPlatforms) = postSolution
		{AB8001DA-1486-4E1A-A07A-2A577196FF82}.Debug|Any CPU.ActiveCfg = Debug|Any CPU
		{AB8001DA-1486-4E1A-A07A-2A577196FF82}.Debug|Any CPU.Build.0 = Debug|Any CPU
		{AB8001DA-1486-4E1A-A07A-2A577196FF82}.Release|Any CPU.ActiveCfg = Release|Any CPU
		{AB8001DA-1486-4E1A-A07A-2A577196FF82}.Release|Any CPU.Build.0 = Release|Any CPU
		{5E5846DF-5D71-4B05-8D61-8224D12F9BC2}.Debug|Any CPU.ActiveCfg = Debug|Any CPU
		{5E5846DF-5D71-4B05-8D61-8224D12F9BC2}.Debug|Any CPU.Build.0 = Debug|Any CPU
		{5E5846DF-5D71-4B05-8D61-8224D12F9BC2}.Release|Any CPU.ActiveCfg = Release|Any CPU
		{5E5846DF-5D71-4B05-8D61-8224D12F9BC2}.Release|Any CPU.Build.0 = Release|Any CPU
		{661B1974-32B1-43EE-8F02-132D500D9FCF}.Debug|Any CPU.ActiveCfg = Debug|Any CPU
		{661B1974-32B1-43EE-8F02-132D500D9FCF}.Debug|Any CPU.Build.0 = Debug|Any CPU
		{661B1974-32B1-43EE-8F02-132D500D9FCF}.Release|Any CPU.ActiveCfg = Release|Any CPU
		{661B1974-32B1-43EE-8F02-132D500D9FCF}.Release|Any CPU.Build.0 = Release|Any CPU
		{3ED3D3C4-67EF-4567-BBE4-3DB31020F670}.Debug|Any CPU.ActiveCfg = Debug|Any CPU
		{3ED3D3C4-67EF-4567-BBE4-3DB31020F670}.Debug|Any CPU.Build.0 = Debug|Any CPU
		{3ED3D3C4-67EF-4567-BBE4-3DB31020F670}.Release|Any CPU.ActiveCfg = Release|Any CPU
		{3ED3D3C4-67EF-4567-BBE4-3DB31020F670}.Release|Any CPU.Build.0 = Release|Any CPU
		{686D9FFD-6F74-47A9-8827-00E3C312044B}.Debug|Any CPU.ActiveCfg = Debug|Any CPU
		{686D9FFD-6F74-47A9-8827-00E3C312044B}.Debug|Any CPU.Build.0 = Debug|Any CPU
		{686D9FFD-6F74-47A9-8827-00E3C312044B}.Release|Any CPU.ActiveCfg = Release|Any CPU
		{686D9FFD-6F74-47A9-8827-00E3C312044B}.Release|Any CPU.Build.0 = Release|Any CPU
	EndGlobalSection
	GlobalSection(SolutionProperties) = preSolution
		HideSolutionNode = FALSE
	EndGlobalSection
	GlobalSection(ExtensibilityGlobals) = postSolution
		SolutionGuid = {E21B36C7-88B2-490F-A37E-AC1F486F0806}
	EndGlobalSection
EndGlobal
